// !$*UTF8*$!
{
	archiveVersion = 1;
	classes = {
	};
	objectVersion = 56;
	objects = {

/* Begin PBXBuildFile section */
		A50A7EB72BD2935E005F0944 /* AppDelegate.swift in Sources */ = {isa = PBXBuildFile; fileRef = A50A7EB62BD2935E005F0944 /* AppDelegate.swift */; };
		A50A7EB92BD2935E005F0944 /* SceneDelegate.swift in Sources */ = {isa = PBXBuildFile; fileRef = A50A7EB82BD2935E005F0944 /* SceneDelegate.swift */; };
		A50A7EBB2BD2935E005F0944 /* ViewController.swift in Sources */ = {isa = PBXBuildFile; fileRef = A50A7EBA2BD2935E005F0944 /* ViewController.swift */; };
		A50A7EC02BD29360005F0944 /* Assets.xcassets in Resources */ = {isa = PBXBuildFile; fileRef = A50A7EBF2BD29360005F0944 /* Assets.xcassets */; };
		A50A7EC32BD29360005F0944 /* LaunchScreen.storyboard in Resources */ = {isa = PBXBuildFile; fileRef = A50A7EC12BD29360005F0944 /* LaunchScreen.storyboard */; };
		A50A7ECB2BD8435F005F0944 /* FileManagerService.swift in Sources */ = {isa = PBXBuildFile; fileRef = A50A7ECA2BD8435F005F0944 /* FileManagerService.swift */; };
		A50A7ECD2BE18EA8005F0944 /* Content.swift in Sources */ = {isa = PBXBuildFile; fileRef = A50A7ECC2BE18EA8005F0944 /* Content.swift */; };
/* End PBXBuildFile section */

/* Begin PBXFileReference section */
		A50A7EB32BD2935E005F0944 /* Bundle.Sandbox.FileManager.HomeWork.app */ = {isa = PBXFileReference; explicitFileType = wrapper.application; includeInIndex = 0; path = Bundle.Sandbox.FileManager.HomeWork.app; sourceTree = BUILT_PRODUCTS_DIR; };
		A50A7EB62BD2935E005F0944 /* AppDelegate.swift */ = {isa = PBXFileReference; lastKnownFileType = sourcecode.swift; path = AppDelegate.swift; sourceTree = "<group>"; };
		A50A7EB82BD2935E005F0944 /* SceneDelegate.swift */ = {isa = PBXFileReference; lastKnownFileType = sourcecode.swift; path = SceneDelegate.swift; sourceTree = "<group>"; };
		A50A7EBA2BD2935E005F0944 /* ViewController.swift */ = {isa = PBXFileReference; lastKnownFileType = sourcecode.swift; path = ViewController.swift; sourceTree = "<group>"; };
		A50A7EBF2BD29360005F0944 /* Assets.xcassets */ = {isa = PBXFileReference; lastKnownFileType = folder.assetcatalog; path = Assets.xcassets; sourceTree = "<group>"; };
		A50A7EC22BD29360005F0944 /* Base */ = {isa = PBXFileReference; lastKnownFileType = file.storyboard; name = Base; path = Base.lproj/LaunchScreen.storyboard; sourceTree = "<group>"; };
		A50A7EC42BD29360005F0944 /* Info.plist */ = {isa = PBXFileReference; lastKnownFileType = text.plist.xml; path = Info.plist; sourceTree = "<group>"; };
		A50A7ECA2BD8435F005F0944 /* FileManagerService.swift */ = {isa = PBXFileReference; lastKnownFileType = sourcecode.swift; path = FileManagerService.swift; sourceTree = "<group>"; };
		A50A7ECC2BE18EA8005F0944 /* Content.swift */ = {isa = PBXFileReference; lastKnownFileType = sourcecode.swift; path = Content.swift; sourceTree = "<group>"; };
/* End PBXFileReference section */

/* Begin PBXFrameworksBuildPhase section */
		A50A7EB02BD2935E005F0944 /* Frameworks */ = {
			isa = PBXFrameworksBuildPhase;
			buildActionMask = 2147483647;
			files = (
			);
			runOnlyForDeploymentPostprocessing = 0;
		};
/* End PBXFrameworksBuildPhase section */

/* Begin PBXGroup section */
		A50A7EAA2BD2935E005F0944 = {
			isa = PBXGroup;
			children = (
				A50A7ECC2BE18EA8005F0944 /* Content.swift */,
				A50A7ECA2BD8435F005F0944 /* FileManagerService.swift */,
				A50A7EB52BD2935E005F0944 /* Bundle.Sandbox.FileManager.HomeWork */,
				A50A7EB42BD2935E005F0944 /* Products */,
			);
			sourceTree = "<group>";
		};
		A50A7EB42BD2935E005F0944 /* Products */ = {
			isa = PBXGroup;
			children = (
				A50A7EB32BD2935E005F0944 /* Bundle.Sandbox.FileManager.HomeWork.app */,
			);
			name = Products;
			sourceTree = "<group>";
		};
		A50A7EB52BD2935E005F0944 /* Bundle.Sandbox.FileManager.HomeWork */ = {
			isa = PBXGroup;
			children = (
				A50A7EB62BD2935E005F0944 /* AppDelegate.swift */,
				A50A7EB82BD2935E005F0944 /* SceneDelegate.swift */,
				A50A7EBA2BD2935E005F0944 /* ViewController.swift */,
				A50A7EBF2BD29360005F0944 /* Assets.xcassets */,
				A50A7EC12BD29360005F0944 /* LaunchScreen.storyboard */,
				A50A7EC42BD29360005F0944 /* Info.plist */,
			);
			path = Bundle.Sandbox.FileManager.HomeWork;
			sourceTree = "<group>";
		};
/* End PBXGroup section */

/* Begin PBXNativeTarget section */
		A50A7EB22BD2935E005F0944 /* Bundle.Sandbox.FileManager.HomeWork */ = {
			isa = PBXNativeTarget;
			buildConfigurationList = A50A7EC72BD29360005F0944 /* Build configuration list for PBXNativeTarget "Bundle.Sandbox.FileManager.HomeWork" */;
			buildPhases = (
				A50A7EAF2BD2935E005F0944 /* Sources */,
				A50A7EB02BD2935E005F0944 /* Frameworks */,
				A50A7EB12BD2935E005F0944 /* Resources */,
			);
			buildRules = (
			);
			dependencies = (
			);
			name = Bundle.Sandbox.FileManager.HomeWork;
			productName = Bundle.Sandbox.FileManager.HomeWork;
			productReference = A50A7EB32BD2935E005F0944 /* Bundle.Sandbox.FileManager.HomeWork.app */;
			productType = "com.apple.product-type.application";
		};
/* End PBXNativeTarget section */

/* Begin PBXProject section */
		A50A7EAB2BD2935E005F0944 /* Project object */ = {
			isa = PBXProject;
			attributes = {
				BuildIndependentTargetsInParallel = 1;
				LastSwiftUpdateCheck = 1410;
				LastUpgradeCheck = 1410;
				TargetAttributes = {
					A50A7EB22BD2935E005F0944 = {
						CreatedOnToolsVersion = 14.1;
					};
				};
			};
			buildConfigurationList = A50A7EAE2BD2935E005F0944 /* Build configuration list for PBXProject "Bundle.Sandbox.FileManager.HomeWork" */;
			compatibilityVersion = "Xcode 14.0";
			developmentRegion = en;
			hasScannedForEncodings = 0;
			knownRegions = (
				en,
				Base,
			);
			mainGroup = A50A7EAA2BD2935E005F0944;
			productRefGroup = A50A7EB42BD2935E005F0944 /* Products */;
			projectDirPath = "";
			projectRoot = "";
			targets = (
				A50A7EB22BD2935E005F0944 /* Bundle.Sandbox.FileManager.HomeWork */,
			);
		};
/* End PBXProject section */

/* Begin PBXResourcesBuildPhase section */
		A50A7EB12BD2935E005F0944 /* Resources */ = {
			isa = PBXResourcesBuildPhase;
			buildActionMask = 2147483647;
			files = (
				A50A7EC32BD29360005F0944 /* LaunchScreen.storyboard in Resources */,
				A50A7EC02BD29360005F0944 /* Assets.xcassets in Resources */,
			);
			runOnlyForDeploymentPostprocessing = 0;
		};
/* End PBXResourcesBuildPhase section */

/* Begin PBXSourcesBuildPhase section */
		A50A7EAF2BD2935E005F0944 /* Sources */ = {
			isa = PBXSourcesBuildPhase;
			buildActionMask = 2147483647;
			files = (
				A50A7EBB2BD2935E005F0944 /* ViewController.swift in Sources */,
				A50A7EB72BD2935E005F0944 /* AppDelegate.swift in Sources */,
				A50A7EB92BD2935E005F0944 /* SceneDelegate.swift in Sources */,
				A50A7ECD2BE18EA8005F0944 /* Content.swift in Sources */,
				A50A7ECB2BD8435F005F0944 /* FileManagerService.swift in Sources */,
			);
			runOnlyForDeploymentPostprocessing = 0;
		};
/* End PBXSourcesBuildPhase section */

/* Begin PBXVariantGroup section */
		A50A7EC12BD29360005F0944 /* LaunchScreen.storyboard */ = {
			isa = PBXVariantGroup;
			children = (
				A50A7EC22BD29360005F0944 /* Base */,
			);
			name = LaunchScreen.storyboard;
			sourceTree = "<group>";
		};
/* End PBXVariantGroup section */

/* Begin XCBuildConfiguration section */
		A50A7EC52BD29360005F0944 /* Debug */ = {
			isa = XCBuildConfiguration;
			buildSettings = {
				ALWAYS_SEARCH_USER_PATHS = NO;
				CLANG_ANALYZER_NONNULL = YES;
				CLANG_ANALYZER_NUMBER_OBJECT_CONVERSION = YES_AGGRESSIVE;
				CLANG_CXX_LANGUAGE_STANDARD = "gnu++20";
				CLANG_ENABLE_MODULES = YES;
				CLANG_ENABLE_OBJC_ARC = YES;
				CLANG_ENABLE_OBJC_WEAK = YES;
				CLANG_WARN_BLOCK_CAPTURE_AUTORELEASING = YES;
				CLANG_WARN_BOOL_CONVERSION = YES;
				CLANG_WARN_COMMA = YES;
				CLANG_WARN_CONSTANT_CONVERSION = YES;
				CLANG_WARN_DEPRECATED_OBJC_IMPLEMENTATIONS = YES;
				CLANG_WARN_DIRECT_OBJC_ISA_USAGE = YES_ERROR;
				CLANG_WARN_DOCUMENTATION_COMMENTS = YES;
				CLANG_WARN_EMPTY_BODY = YES;
				CLANG_WARN_ENUM_CONVERSION = YES;
				CLANG_WARN_INFINITE_RECURSION = YES;
				CLANG_WARN_INT_CONVERSION = YES;
				CLANG_WARN_NON_LITERAL_NULL_CONVERSION = YES;
				CLANG_WARN_OBJC_IMPLICIT_RETAIN_SELF = YES;
				CLANG_WARN_OBJC_LITERAL_CONVERSION = YES;
				CLANG_WARN_OBJC_ROOT_CLASS = YES_ERROR;
				CLANG_WARN_QUOTED_INCLUDE_IN_FRAMEWORK_HEADER = YES;
				CLANG_WARN_RANGE_LOOP_ANALYSIS = YES;
				CLANG_WARN_STRICT_PROTOTYPES = YES;
				CLANG_WARN_SUSPICIOUS_MOVE = YES;
				CLANG_WARN_UNGUARDED_AVAILABILITY = YES_AGGRESSIVE;
				CLANG_WARN_UNREACHABLE_CODE = YES;
				CLANG_WARN__DUPLICATE_METHOD_MATCH = YES;
				COPY_PHASE_STRIP = NO;
				DEBUG_INFORMATION_FORMAT = dwarf;
				ENABLE_STRICT_OBJC_MSGSEND = YES;
				ENABLE_TESTABILITY = YES;
				GCC_C_LANGUAGE_STANDARD = gnu11;
				GCC_DYNAMIC_NO_PIC = NO;
				GCC_NO_COMMON_BLOCKS = YES;
				GCC_OPTIMIZATION_LEVEL = 0;
				GCC_PREPROCESSOR_DEFINITIONS = (
					"DEBUG=1",
					"$(inherited)",
				);
				GCC_WARN_64_TO_32_BIT_CONVERSION = YES;
				GCC_WARN_ABOUT_RETURN_TYPE = YES_ERROR;
				GCC_WARN_UNDECLARED_SELECTOR = YES;
				GCC_WARN_UNINITIALIZED_AUTOS = YES_AGGRESSIVE;
				GCC_WARN_UNUSED_FUNCTION = YES;
				GCC_WARN_UNUSED_VARIABLE = YES;
				IPHONEOS_DEPLOYMENT_TARGET = 16.1;
				MTL_ENABLE_DEBUG_INFO = INCLUDE_SOURCE;
				MTL_FAST_MATH = YES;
				ONLY_ACTIVE_ARCH = YES;
				SDKROOT = iphoneos;
				SWIFT_ACTIVE_COMPILATION_CONDITIONS = DEBUG;
				SWIFT_OPTIMIZATION_LEVEL = "-Onone";
			};
			name = Debug;
		};
		A50A7EC62BD29360005F0944 /* Release */ = {
			isa = XCBuildConfiguration;
			buildSettings = {
				ALWAYS_SEARCH_USER_PATHS = NO;
				CLANG_ANALYZER_NONNULL = YES;
				CLANG_ANALYZER_NUMBER_OBJECT_CONVERSION = YES_AGGRESSIVE;
				CLANG_CXX_LANGUAGE_STANDARD = "gnu++20";
				CLANG_ENABLE_MODULES = YES;
				CLANG_ENABLE_OBJC_ARC = YES;
				CLANG_ENABLE_OBJC_WEAK = YES;
				CLANG_WARN_BLOCK_CAPTURE_AUTORELEASING = YES;
				CLANG_WARN_BOOL_CONVERSION = YES;
				CLANG_WARN_COMMA = YES;
				CLANG_WARN_CONSTANT_CONVERSION = YES;
				CLANG_WARN_DEPRECATED_OBJC_IMPLEMENTATIONS = YES;
				CLANG_WARN_DIRECT_OBJC_ISA_USAGE = YES_ERROR;
				CLANG_WARN_DOCUMENTATION_COMMENTS = YES;
				CLANG_WARN_EMPTY_BODY = YES;
				CLANG_WARN_ENUM_CONVERSION = YES;
				CLANG_WARN_INFINITE_RECURSION = YES;
				CLANG_WARN_INT_CONVERSION = YES;
				CLANG_WARN_NON_LITERAL_NULL_CONVERSION = YES;
				CLANG_WARN_OBJC_IMPLICIT_RETAIN_SELF = YES;
				CLANG_WARN_OBJC_LITERAL_CONVERSION = YES;
				CLANG_WARN_OBJC_ROOT_CLASS = YES_ERROR;
				CLANG_WARN_QUOTED_INCLUDE_IN_FRAMEWORK_HEADER = YES;
				CLANG_WARN_RANGE_LOOP_ANALYSIS = YES;
				CLANG_WARN_STRICT_PROTOTYPES = YES;
				CLANG_WARN_SUSPICIOUS_MOVE = YES;
				CLANG_WARN_UNGUARDED_AVAILABILITY = YES_AGGRESSIVE;
				CLANG_WARN_UNREACHABLE_CODE = YES;
				CLANG_WARN__DUPLICATE_METHOD_MATCH = YES;
				COPY_PHASE_STRIP = NO;
				DEBUG_INFORMATION_FORMAT = "dwarf-with-dsym";
				ENABLE_NS_ASSERTIONS = NO;
				ENABLE_STRICT_OBJC_MSGSEND = YES;
				GCC_C_LANGUAGE_STANDARD = gnu11;
				GCC_NO_COMMON_BLOCKS = YES;
				GCC_WARN_64_TO_32_BIT_CONVERSION = YES;
				GCC_WARN_ABOUT_RETURN_TYPE = YES_ERROR;
				GCC_WARN_UNDECLARED_SELECTOR = YES;
				GCC_WARN_UNINITIALIZED_AUTOS = YES_AGGRESSIVE;
				GCC_WARN_UNUSED_FUNCTION = YES;
				GCC_WARN_UNUSED_VARIABLE = YES;
				IPHONEOS_DEPLOYMENT_TARGET = 16.1;
				MTL_ENABLE_DEBUG_INFO = NO;
				MTL_FAST_MATH = YES;
				SDKROOT = iphoneos;
				SWIFT_COMPILATION_MODE = wholemodule;
				SWIFT_OPTIMIZATION_LEVEL = "-O";
				VALIDATE_PRODUCT = YES;
			};
			name = Release;
		};
		A50A7EC82BD29360005F0944 /* Debug */ = {
			isa = XCBuildConfiguration;
			buildSettings = {
				ASSETCATALOG_COMPILER_APPICON_NAME = AppIcon;
				ASSETCATALOG_COMPILER_GLOBAL_ACCENT_COLOR_NAME = AccentColor;
				CODE_SIGN_STYLE = Automatic;
				CURRENT_PROJECT_VERSION = 1;
				GENERATE_INFOPLIST_FILE = YES;
				INFOPLIST_FILE = Bundle.Sandbox.FileManager.HomeWork/Info.plist;
				INFOPLIST_KEY_UIApplicationSupportsIndirectInputEvents = YES;
				INFOPLIST_KEY_UILaunchStoryboardName = LaunchScreen;
				INFOPLIST_KEY_UISupportedInterfaceOrientations_iPad = "UIInterfaceOrientationPortrait UIInterfaceOrientationPortraitUpsideDown UIInterfaceOrientationLandscapeLeft UIInterfaceOrientationLandscapeRight";
				INFOPLIST_KEY_UISupportedInterfaceOrientations_iPhone = "UIInterfaceOrientationPortrait UIInterfaceOrientationLandscapeLeft UIInterfaceOrientationLandscapeRight";
				LD_RUNPATH_SEARCH_PATHS = (
					"$(inherited)",
					"@executable_path/Frameworks",
				);
				MARKETING_VERSION = 1.0;
				PRODUCT_BUNDLE_IDENTIFIER = "com.mycompany.Bundle-Sandbox-FileManager-HomeWork";
				PRODUCT_NAME = "$(TARGET_NAME)";
				SWIFT_EMIT_LOC_STRINGS = YES;
				SWIFT_VERSION = 5.0;
				TARGETED_DEVICE_FAMILY = "1,2";
			};
			name = Debug;
		};
		A50A7EC92BD29360005F0944 /* Release */ = {
			isa = XCBuildConfiguration;
			buildSettings = {
				ASSETCATALOG_COMPILER_APPICON_NAME = AppIcon;
				ASSETCATALOG_COMPILER_GLOBAL_ACCENT_COLOR_NAME = AccentColor;
				CODE_SIGN_STYLE = Automatic;
				CURRENT_PROJECT_VERSION = 1;
				GENERATE_INFOPLIST_FILE = YES;
				INFOPLIST_FILE = Bundle.Sandbox.FileManager.HomeWork/Info.plist;
				INFOPLIST_KEY_UIApplicationSupportsIndirectInputEvents = YES;
				INFOPLIST_KEY_UILaunchStoryboardName = LaunchScreen;
				INFOPLIST_KEY_UISupportedInterfaceOrientations_iPad = "UIInterfaceOrientationPortrait UIInterfaceOrientationPortraitUpsideDown UIInterfaceOrientationLandscapeLeft UIInterfaceOrientationLandscapeRight";
				INFOPLIST_KEY_UISupportedInterfaceOrientations_iPhone = "UIInterfaceOrientationPortrait UIInterfaceOrientationLandscapeLeft UIInterfaceOrientationLandscapeRight";
				LD_RUNPATH_SEARCH_PATHS = (
					"$(inherited)",
					"@executable_path/Frameworks",
				);
				MARKETING_VERSION = 1.0;
				PRODUCT_BUNDLE_IDENTIFIER = "com.mycompany.Bundle-Sandbox-FileManager-HomeWork";
				PRODUCT_NAME = "$(TARGET_NAME)";
				SWIFT_EMIT_LOC_STRINGS = YES;
				SWIFT_VERSION = 5.0;
				TARGETED_DEVICE_FAMILY = "1,2";
			};
			name = Release;
		};
/* End XCBuildConfiguration section */

/* Begin XCConfigurationList section */
		A50A7EAE2BD2935E005F0944 /* Build configuration list for PBXProject "Bundle.Sandbox.FileManager.HomeWork" */ = {
			isa = XCConfigurationList;
			buildConfigurations = (
				A50A7EC52BD29360005F0944 /* Debug */,
				A50A7EC62BD29360005F0944 /* Release */,
			);
			defaultConfigurationIsVisible = 0;
			defaultConfigurationName = Release;
		};
		A50A7EC72BD29360005F0944 /* Build configuration list for PBXNativeTarget "Bundle.Sandbox.FileManager.HomeWork" */ = {
			isa = XCConfigurationList;
			buildConfigurations = (
				A50A7EC82BD29360005F0944 /* Debug */,
				A50A7EC92BD29360005F0944 /* Release */,
			);
			defaultConfigurationIsVisible = 0;
			defaultConfigurationName = Release;
		};
/* End XCConfigurationList section */
	};
	rootObject = A50A7EAB2BD2935E005F0944 /* Project object */;
}
